<?xml version="1.0" encoding="UTF-8"?>
<CONFIG>
  <ProjectOptions>
    <Version Value="12"/>
    <PathDelim Value="\"/>
    <General>
      <Flags>
        <MainUnitHasCreateFormStatements Value="False"/>
        <MainUnitHasTitleStatement Value="False"/>
        <MainUnitHasScaledStatement Value="False"/>
      </Flags>
      <SessionStorage Value="InProjectDir"/>
      <Title Value="disassemblesimple"/>
      <UseAppBundle Value="False"/>
      <ResourceType Value="res"/>
      <Icon Value="0"/>
    </General>
    <BuildModes>
      <Item Name="Default" Default="True"/>
      <Item Name="Debug">
        <CompilerOptions>
          <Version Value="11"/>
          <PathDelim Value="\"/>
          <Target>
            <Filename Value="disassemblesimple"/>
          </Target>
          <SearchPaths>
            <IncludeFiles Value="$(ProjOutDir);..\libs"/>
            <Libraries Value="..\libs"/>
            <OtherUnitFiles Value="..\Zydis"/>
            <UnitOutputDirectory Value="lib\$(TargetCPU)-$(TargetOS)"/>
          </SearchPaths>
          <Parsing>
            <SyntaxOptions>
              <SyntaxMode Value="Delphi"/>
              <IncludeAssertionCode Value="True"/>
              <CStyleMacros Value="True"/>
            </SyntaxOptions>
          </Parsing>
          <CodeGeneration>
            <Checks>
              <IOChecks Value="True"/>
              <RangeChecks Value="True"/>
              <OverflowChecks Value="True"/>
              <StackChecks Value="True"/>
            </Checks>
            <VerifyObjMethodCallValidity Value="True"/>
          </CodeGeneration>
          <Linking>
            <Debugging>
              <DebugInfoType Value="dsDwarf3"/>
              <UseHeaptrc Value="True"/>
              <UseExternalDbgSyms Value="True"/>
            </Debugging>
          </Linking>
          <Other>
            <ConfigFile>
              <WriteConfigFilePath Value=""/>
            </ConfigFile>
          </Other>
        </CompilerOptions>
      </Item>
      <Item Name="Release">
        <CompilerOptions>
          <Version Value="11"/>
          <PathDelim Value="\"/>
          <Target>
            <Filename Value="disassemblesimple"/>
          </Target>
          <SearchPaths>
            <IncludeFiles Value="$(ProjOutDir)"/>
            <Libraries Value="..\libs"/>
            <OtherUnitFiles Value="..\Zydis"/>
            <UnitOutputDirectory Value="lib\$(TargetCPU)-$(TargetOS)"/>
          </SearchPaths>
          <Parsing>
            <SyntaxOptions>
              <CStyleMacros Value="True"/>
            </SyntaxOptions>
          </Parsing>
          <CodeGeneration>
            <SmartLinkUnit Value="True"/>
            <Optimizations>
              <OptimizationLevel Value="3"/>
            </Optimizations>
          </CodeGeneration>
          <Linking>
            <Debugging>
              <GenerateDebugInfo Value="False"/>
              <RunWithoutDebug Value="True"/>
            </Debugging>
            <LinkSmart Value="True"/>
          </Linking>
          <Other>
            <ConfigFile>
              <WriteConfigFilePath Value=""/>
            </ConfigFile>
          </Other>
        </CompilerOptions>
      </Item>
    </BuildModes>
    <PublishOptions>
      <Version Value="2"/>
      <UseFileFilters Value="True"/>
    </PublishOptions>
    <RunParams>
      <FormatVersion Value="2"/>
    </RunParams>
    <Units>
      <Unit>
        <Filename Value="disassemblesimple.lpr"/>
        <IsPartOfProject Value="True"/>
        <UnitName Value="DisassembleSimple"/>
      </Unit>
      <Unit>
        <Filename Value="..\Zydis\zydis.disassembler.pas"/>
        <IsPartOfProject Value="True"/>
        <UnitName Value="Zydis.Disassembler"/>
      </Unit>
      <Unit>
        <Filename Value="..\Zydis\zydis.decoder.types.pas"/>
        <IsPartOfProject Value="True"/>
        <UnitName Value="Zydis.Decoder.Types"/>
      </Unit>
      <Unit>
        <Filename Value="..\Zydis\zydis.sharedtypes.pas"/>
        <IsPartOfProject Value="True"/>
        <UnitName Value="Zydis.SharedTypes"/>
      </Unit>
      <Unit>
        <Filename Value="..\Zydis\zydis.status.pas"/>
        <IsPartOfProject Value="True"/>
        <UnitName Value="Zydis.Status"/>
      </Unit>
      <Unit>
        <Filename Value="..\Zydis\zydis.decoder.pas"/>
        <IsPartOfProject Value="True"/>
        <UnitName Value="Zydis.Decoder"/>
      </Unit>
    </Units>
  </ProjectOptions>
  <CompilerOptions>
    <Version Value="11"/>
    <PathDelim Value="\"/>
    <Target>
      <Filename Value="disassemblesimple"/>
    </Target>
    <SearchPaths>
      <IncludeFiles Value="$(ProjOutDir)"/>
      <OtherUnitFiles Value="..\Zydis"/>
      <UnitOutputDirectory Value="lib\$(TargetCPU)-$(TargetOS)"/>
    </SearchPaths>
    <Other>
      <ConfigFile>
        <WriteConfigFilePath Value=""/>
      </ConfigFile>
    </Other>
  </CompilerOptions>
  <Debugging>
    <Exceptions>
      <Item>
        <Name Value="EAbort"/>
      </Item>
      <Item>
        <Name Value="ECodetoolError"/>
      </Item>
      <Item>
        <Name Value="EFOpenError"/>
      </Item>
    </Exceptions>
  </Debugging>
</CONFIG>
